
Microsoft Visual Studio Solution File, Format Version 12.00
# Visual Studio 2013
VisualStudioVersion = 12.0.30501.0
MinimumVisualStudioVersion = 10.0.40219.1
Project("{FAE04EC0-301F-11D3-BF4B-00C04F79EFBC}") = "SurveyV3", "SurveyV3\SurveyV3.csproj", "{C4EDDD94-0160-4758-8867-7C0514D6E5B9}"
EndProject
Project("{FAE04EC0-301F-11D3-BF4B-00C04F79EFBC}") = "Model", "Model\Model.csproj", "{DCBD80B2-F7A9-401A-BA63-045D46076428}"
EndProject
Project("{FAE04EC0-301F-11D3-BF4B-00C04F79EFBC}") = "Business", "Business\Business.csproj", "{3E7AF2F5-ECC0-4383-BDE0-449950074C4F}"
EndProject
Global
	GlobalSection(SolutionConfigurationPlatforms) = preSolution
		Debug|Any CPU = Debug|Any CPU
		Release|Any CPU = Release|Any CPU
	EndGlobalSection
	GlobalSection(ProjectConfigurationPlatforms) = postSolution
		{C4EDDD94-0160-4758-8867-7C0514D6E5B9}.Debug|Any CPU.ActiveCfg = Debug|Any CPU
		{C4EDDD94-0160-4758-8867-7C0514D6E5B9}.Debug|Any CPU.Build.0 = Debug|Any CPU
		{C4EDDD94-0160-4758-8867-7C0514D6E5B9}.Release|Any CPU.ActiveCfg = Release|Any CPU
		{C4EDDD94-0160-4758-8867-7C0514D6E5B9}.Release|Any CPU.Build.0 = Release|Any CPU
		{DCBD80B2-F7A9-401A-BA63-045D46076428}.Debug|Any CPU.ActiveCfg = Debug|Any CPU
		{DCBD80B2-F7A9-401A-BA63-045D46076428}.Debug|Any CPU.Build.0 = Debug|Any CPU
		{DCBD80B2-F7A9-401A-BA63-045D46076428}.Release|Any CPU.ActiveCfg = Release|Any CPU
		{DCBD80B2-F7A9-401A-BA63-045D46076428}.Release|Any CPU.Build.0 = Release|Any CPU
		{3E7AF2F5-ECC0-4383-BDE0-449950074C4F}.Debug|Any CPU.ActiveCfg = Debug|Any CPU
		{3E7AF2F5-ECC0-4383-BDE0-449950074C4F}.Debug|Any CPU.Build.0 = Debug|Any CPU
		{3E7AF2F5-ECC0-4383-BDE0-449950074C4F}.Release|Any CPU.ActiveCfg = Release|Any CPU
		{3E7AF2F5-ECC0-4383-BDE0-449950074C4F}.Release|Any CPU.Build.0 = Release|Any CPU
	EndGlobalSection
	GlobalSection(SolutionProperties) = preSolution
		HideSolutionNode = FALSE
	EndGlobalSection
EndGlobal
